
Microsoft Visual Studio Solution File, Format Version 12.00
# Visual Studio 15
VisualStudioVersion = 15.0.26124.0
MinimumVisualStudioVersion = 15.0.26124.0
Project("{FAE04EC0-301F-11D3-BF4B-00C04F79EFBC}") = "TechTest", "src\TechTest\TechTest.csproj", "{FCA5737E-D86C-440C-83BE-20B271D33D55}"
EndProject
Project("{FAE04EC0-301F-11D3-BF4B-00C04F79EFBC}") = "TechTest.Tests", "test\TechTest.Tests\TechTest.Tests.csproj", "{65C115E3-9625-4FEB-961C-6786D50029E6}"
EndProject
Global
	GlobalSection(SolutionConfigurationPlatforms) = preSolution
		Debug|Any CPU = Debug|Any CPU
		Debug|x64 = Debug|x64
		Debug|x86 = Debug|x86
		Release|Any CPU = Release|Any CPU
		Release|x64 = Release|x64
		Release|x86 = Release|x86
	EndGlobalSection
	GlobalSection(SolutionProperties) = preSolution
		HideSolutionNode = FALSE
	EndGlobalSection
	GlobalSection(ProjectConfigurationPlatforms) = postSolution
		{FCA5737E-D86C-440C-83BE-20B271D33D55}.Debug|Any CPU.ActiveCfg = Debug|Any CPU
		{FCA5737E-D86C-440C-83BE-20B271D33D55}.Debug|Any CPU.Build.0 = Debug|Any CPU
		{FCA5737E-D86C-440C-83BE-20B271D33D55}.Debug|x64.ActiveCfg = Debug|Any CPU
		{FCA5737E-D86C-440C-83BE-20B271D33D55}.Debug|x64.Build.0 = Debug|Any CPU
		{FCA5737E-D86C-440C-83BE-20B271D33D55}.Debug|x86.ActiveCfg = Debug|Any CPU
		{FCA5737E-D86C-440C-83BE-20B271D33D55}.Debug|x86.Build.0 = Debug|Any CPU
		{FCA5737E-D86C-440C-83BE-20B271D33D55}.Release|Any CPU.ActiveCfg = Release|Any CPU
		{FCA5737E-D86C-440C-83BE-20B271D33D55}.Release|Any CPU.Build.0 = Release|Any CPU
		{FCA5737E-D86C-440C-83BE-20B271D33D55}.Release|x64.ActiveCfg = Release|Any CPU
		{FCA5737E-D86C-440C-83BE-20B271D33D55}.Release|x64.Build.0 = Release|Any CPU
		{FCA5737E-D86C-440C-83BE-20B271D33D55}.Release|x86.ActiveCfg = Release|Any CPU
		{FCA5737E-D86C-440C-83BE-20B271D33D55}.Release|x86.Build.0 = Release|Any CPU
		{65C115E3-9625-4FEB-961C-6786D50029E6}.Debug|Any CPU.ActiveCfg = Debug|Any CPU
		{65C115E3-9625-4FEB-961C-6786D50029E6}.Debug|Any CPU.Build.0 = Debug|Any CPU
		{65C115E3-9625-4FEB-961C-6786D50029E6}.Debug|x64.ActiveCfg = Debug|Any CPU
		{65C115E3-9625-4FEB-961C-6786D50029E6}.Debug|x64.Build.0 = Debug|Any CPU
		{65C115E3-9625-4FEB-961C-6786D50029E6}.Debug|x86.ActiveCfg = Debug|Any CPU
		{65C115E3-9625-4FEB-961C-6786D50029E6}.Debug|x86.Build.0 = Debug|Any CPU
		{65C115E3-9625-4FEB-961C-6786D50029E6}.Release|Any CPU.ActiveCfg = Release|Any CPU
		{65C115E3-9625-4FEB-961C-6786D50029E6}.Release|Any CPU.Build.0 = Release|Any CPU
		{65C115E3-9625-4FEB-961C-6786D50029E6}.Release|x64.ActiveCfg = Release|Any CPU
		{65C115E3-9625-4FEB-961C-6786D50029E6}.Release|x64.Build.0 = Release|Any CPU
		{65C115E3-9625-4FEB-961C-6786D50029E6}.Release|x86.ActiveCfg = Release|Any CPU
		{65C115E3-9625-4FEB-961C-6786D50029E6}.Release|x86.Build.0 = Release|Any CPU
	EndGlobalSection
EndGlobal
